
Microsoft Visual Studio Solution File, Format Version 12.00
# Visual Studio Version 17
VisualStudioVersion = 17.7.34031.279
MinimumVisualStudioVersion = 10.0.40219.1
Project("{FAE04EC0-301F-11D3-BF4B-00C04F79EFBC}") = "Pet's Family Tree", "Pet's Family Tree\Pet's Family Tree.csproj", "{4B60706D-B84A-4537-99C4-E9A5082675A9}"
EndProject
Global
	GlobalSection(SolutionConfigurationPlatforms) = preSolution
		Debug|Any CPU = Debug|Any CPU
		Release|Any CPU = Release|Any CPU
	EndGlobalSection
	GlobalSection(ProjectConfigurationPlatforms) = postSolution
		{4B60706D-B84A-4537-99C4-E9A5082675A9}.Debug|Any CPU.ActiveCfg = Debug|Any CPU
		{4B60706D-B84A-4537-99C4-E9A5082675A9}.Debug|Any CPU.Build.0 = Debug|Any CPU
		{4B60706D-B84A-4537-99C4-E9A5082675A9}.Release|Any CPU.ActiveCfg = Release|Any CPU
		{4B60706D-B84A-4537-99C4-E9A5082675A9}.Release|Any CPU.Build.0 = Release|Any CPU
	EndGlobalSection
	GlobalSection(SolutionProperties) = preSolution
		HideSolutionNode = FALSE
	EndGlobalSection
	GlobalSection(ExtensibilityGlobals) = postSolution
		SolutionGuid = {D5A61A43-2F3D-413A-A31A-A5A39986EF8A}
	EndGlobalSection
EndGlobal
